
Microsoft Visual Studio Solution File, Format Version 12.00
Project("{FAE04EC0-301F-11D3-BF4B-00C04F79EFBC}") = "Screenshot", "Screenshot\Screenshot.csproj", "{E71C852C-7EEE-4BCD-B522-67989A030640}"
EndProject
Global
	GlobalSection(SolutionConfigurationPlatforms) = preSolution
		Debug|Any CPU = Debug|Any CPU
		Release|Any CPU = Release|Any CPU
	EndGlobalSection
	GlobalSection(ProjectConfigurationPlatforms) = postSolution
		{E71C852C-7EEE-4BCD-B522-67989A030640}.Debug|Any CPU.ActiveCfg = Debug|Any CPU
		{E71C852C-7EEE-4BCD-B522-67989A030640}.Debug|Any CPU.Build.0 = Debug|Any CPU
		{E71C852C-7EEE-4BCD-B522-67989A030640}.Release|Any CPU.ActiveCfg = Release|Any CPU
		{E71C852C-7EEE-4BCD-B522-67989A030640}.Release|Any CPU.Build.0 = Release|Any CPU
	EndGlobalSection
EndGlobal
